
Microsoft Visual Studio Solution File, Format Version 12.00
# Visual Studio Version 16
VisualStudioVersion = 16.0.31624.102
MinimumVisualStudioVersion = 10.0.40219.1
Project("{FAE04EC0-301F-11D3-BF4B-00C04F79EFBC}") = "Logistic.UILayer", "Logistic.UILayer\Logistic.UILayer.csproj", "{1C5841F5-90D5-4419-AA64-2605BE29B9A3}"
EndProject
Global
	GlobalSection(SolutionConfigurationPlatforms) = preSolution
		Debug|Any CPU = Debug|Any CPU
		Release|Any CPU = Release|Any CPU
	EndGlobalSection
	GlobalSection(ProjectConfigurationPlatforms) = postSolution
		{1C5841F5-90D5-4419-AA64-2605BE29B9A3}.Debug|Any CPU.ActiveCfg = Debug|Any CPU
		{1C5841F5-90D5-4419-AA64-2605BE29B9A3}.Debug|Any CPU.Build.0 = Debug|Any CPU
		{1C5841F5-90D5-4419-AA64-2605BE29B9A3}.Release|Any CPU.ActiveCfg = Release|Any CPU
		{1C5841F5-90D5-4419-AA64-2605BE29B9A3}.Release|Any CPU.Build.0 = Release|Any CPU
	EndGlobalSection
	GlobalSection(SolutionProperties) = preSolution
		HideSolutionNode = FALSE
	EndGlobalSection
	GlobalSection(ExtensibilityGlobals) = postSolution
		SolutionGuid = {5D2166B3-E61A-4C25-B8B2-D86CECF7154F}
	EndGlobalSection
EndGlobal
